attrs==26.1.0
certifi==2026.7.22
charset-normalizer==3.5.1
click==8.5.0
dlt==1.30.0
fsspec==2026.9.0
gitdb==4.0.12
GitPython==3.1.62
giturlparse==0.15.0
humanize==4.16.0
idna==3.20
jsonpath-ng==1.8.0
jsonschema==4.26.0
jsonschema-specifications==2025.9.1
markdown-it-py==4.2.0
mdurl==0.1.2
orjson==3.12.0
packaging==26.3
pathvalidate==3.3.1
pendulum==3.2.0
pluggy==1.6.0
Pygments==2.21.0
python-dateutil==2.9.0.post0
pytz==2026.3.post1
PyYAML==6.0.3
referencing==0.37.0
requests==2.34.2
requirements-parser==0.13.1
rich==15.0.0
rich-argparse==1.8.0
rpds-py==2026.6.3
semver==3.1.0
setuptools==84.0.0
simplejson==4.1.2
six==1.17.0
smmap==5.0.3
sqlglot==30.18.0
tenacity==9.1.4
tomlkit==0.15.1
typing_extensions==4.16.0
tzdata==2026.4
urllib3==2.8.0
